Microsoft Visual Studio Solution File, Format Version 12.00
# Visual Studio Version 18
VisualStudioVersion = 18.7.11903.348 stable
MinimumVisualStudioVersion = 10.0.40219.1
Project("{FAE04EC0-301F-11D3-BF4B-00C04F79EFBC}") = "MyriaWorld", "MyriaWorld.csproj", "{F169627B-154F-4C5C-9C09-EA4E50E43AB1}"
EndProject
Project("{FAE04EC0-301F-11D3-BF4B-00C04F79EFBC}") = "MyriaLib", "..\MyriaLib\MyriaLib.csproj", "{56C2A681-882A-C79E-3EF6-2A4E18AFECED}"
EndProject
Global
	GlobalSection(SolutionConfigurationPlatforms) = preSolution
		Debug|Any CPU = Debug|Any CPU
		Release|Any CPU = Release|Any CPU
	EndGlobalSection
	GlobalSection(ProjectConfigurationPlatforms) = postSolution
		{F169627B-154F-4C5C-9C09-EA4E50E43AB1}.Debug|Any CPU.ActiveCfg = Debug|Any CPU
		{F169627B-154F-4C5C-9C09-EA4E50E43AB1}.Debug|Any CPU.Build.0 = Debug|Any CPU
		{F169627B-154F-4C5C-9C09-EA4E50E43AB1}.Release|Any CPU.ActiveCfg = Release|Any CPU
		{F169627B-154F-4C5C-9C09-EA4E50E43AB1}.Release|Any CPU.Build.0 = Release|Any CPU
		{56C2A681-882A-C79E-3EF6-2A4E18AFECED}.Debug|Any CPU.ActiveCfg = Debug|Any CPU
		{56C2A681-882A-C79E-3EF6-2A4E18AFECED}.Debug|Any CPU.Build.0 = Debug|Any CPU
		{56C2A681-882A-C79E-3EF6-2A4E18AFECED}.Release|Any CPU.ActiveCfg = Release|Any CPU
		{56C2A681-882A-C79E-3EF6-2A4E18AFECED}.Release|Any CPU.Build.0 = Release|Any CPU
	EndGlobalSection
	GlobalSection(SolutionProperties) = preSolution
		HideSolutionNode = FALSE
	EndGlobalSection
	GlobalSection(ExtensibilityGlobals) = postSolution
		SolutionGuid = {B2A1F3E4-C5D6-4E7F-8A9B-0C1D2E3F4A5B}
	EndGlobalSection
EndGlobal
